// !$*UTF8*$!
{
	archiveVersion = 1;
	classes = {
	};
	objectVersion = 51;
	objects = {

/* Begin PBXBuildFile section */
		0E9AF558239425CA00F72B14 /* AppDelegate.swift in Sources */ = {isa = PBXBuildFile; fileRef = 0E9AF557239425CA00F72B14 /* AppDelegate.swift */; };
		0E9AF55D239425CA00F72B14 /* Main.storyboard in Resources */ = {isa = PBXBuildFile; fileRef = 0E9AF55B239425CA00F72B14 /* Main.storyboard */; };
		0E9AF55F239425CB00F72B14 /* Assets.xcassets in Resources */ = {isa = PBXBuildFile; fileRef = 0E9AF55E239425CB00F72B14 /* Assets.xcassets */; };
		0E9AF562239425CB00F72B14 /* LaunchScreen.storyboard in Resources */ = {isa = PBXBuildFile; fileRef = 0E9AF560239425CB00F72B14 /* LaunchScreen.storyboard */; };
		0E9AF56D239425CB00F72B14 /* MapKitDemoTests.swift in Sources */ = {isa = PBXBuildFile; fileRef = 0E9AF56C239425CB00F72B14 /* MapKitDemoTests.swift */; };
		0E9AF578239425CB00F72B14 /* MapKitDemoUITests.swift in Sources */ = {isa = PBXBuildFile; fileRef = 0E9AF577239425CB00F72B14 /* MapKitDemoUITests.swift */; };
		0E9AF586239425F600F72B14 /* MapViewController.swift in Sources */ = {isa = PBXBuildFile; fileRef = 0E9AF585239425F600F72B14 /* MapViewController.swift */; };
		0E9AF58C239426B800F72B14 /* SearchStoreService.swift in Sources */ = {isa = PBXBuildFile; fileRef = 0E9AF588239426B800F72B14 /* SearchStoreService.swift */; };
		0E9AF58D239426B800F72B14 /* StoreDetailService.swift in Sources */ = {isa = PBXBuildFile; fileRef = 0E9AF589239426B800F72B14 /* StoreDetailService.swift */; };
		0E9AF58E239426B800F72B14 /* HttpHelper.swift in Sources */ = {isa = PBXBuildFile; fileRef = 0E9AF58A239426B800F72B14 /* HttpHelper.swift */; };
		0E9AF58F239426B800F72B14 /* LocationService.swift in Sources */ = {isa = PBXBuildFile; fileRef = 0E9AF58B239426B800F72B14 /* LocationService.swift */; };
		0E9AF593239426E400F72B14 /* StoreDetail.swift in Sources */ = {isa = PBXBuildFile; fileRef = 0E9AF591239426E400F72B14 /* StoreDetail.swift */; };
		0E9AF594239426E400F72B14 /* Store.swift in Sources */ = {isa = PBXBuildFile; fileRef = 0E9AF592239426E400F72B14 /* Store.swift */; };
		0E9AF5962394273400F72B14 /* MapViewModel.swift in Sources */ = {isa = PBXBuildFile; fileRef = 0E9AF5952394273400F72B14 /* MapViewModel.swift */; };
		0E9AF59A23942E0100F72B14 /* StoreAnnotation.swift in Sources */ = {isa = PBXBuildFile; fileRef = 0E9AF59823942E0100F72B14 /* StoreAnnotation.swift */; };
		0E9AF59B23942E0100F72B14 /* StoreAnnotationView.swift in Sources */ = {isa = PBXBuildFile; fileRef = 0E9AF59923942E0100F72B14 /* StoreAnnotationView.swift */; };
		0E9AF5A423944B7100F72B14 /* StoreCalloutView.xib in Resources */ = {isa = PBXBuildFile; fileRef = 0E9AF5A323944B7100F72B14 /* StoreCalloutView.xib */; };
		0EF06D492394580900D6F71B /* StoreCalloutView.swift in Sources */ = {isa = PBXBuildFile; fileRef = 0EF06D482394580900D6F71B /* StoreCalloutView.swift */; };
		0EF06D4C2394CEEC00D6F71B /* PinAnnotation.swift in Sources */ = {isa = PBXBuildFile; fileRef = 0EF06D4B2394CEEC00D6F71B /* PinAnnotation.swift */; };
		0EF06D4E2394CF1100D6F71B /* CustomBusinessCallOut.swift in Sources */ = {isa = PBXBuildFile; fileRef = 0EF06D4D2394CF1100D6F71B /* CustomBusinessCallOut.swift */; };
		0EF06D502394CF4300D6F71B /* CalloutAnnotationView.swift in Sources */ = {isa = PBXBuildFile; fileRef = 0EF06D4F2394CF4300D6F71B /* CalloutAnnotationView.swift */; };
		0EF06D522394CF8C00D6F71B /* PinMapViewController.swift in Sources */ = {isa = PBXBuildFile; fileRef = 0EF06D512394CF8C00D6F71B /* PinMapViewController.swift */; };
		C791728CD39A1061676EF030 /* Pods_MapKitDemo.framework in Frameworks */ = {isa = PBXBuildFile; fileRef = F58C9CD7620F3819AA718532 /* Pods_MapKitDemo.framework */; };
/* End PBXBuildFile section */

/* Begin PBXContainerItemProxy section */
		0E9AF569239425CB00F72B14 /* PBXContainerItemProxy */ = {
			isa = PBXContainerItemProxy;
			containerPortal = 0E9AF54C239425CA00F72B14 /* Project object */;
			proxyType = 1;
			remoteGlobalIDString = 0E9AF553239425CA00F72B14;
			remoteInfo = MapKitDemo;
		};
		0E9AF574239425CB00F72B14 /* PBXContainerItemProxy */ = {
			isa = PBXContainerItemProxy;
			containerPortal = 0E9AF54C239425CA00F72B14 /* Project object */;
			proxyType = 1;
			remoteGlobalIDString = 0E9AF553239425CA00F72B14;
			remoteInfo = MapKitDemo;
		};
/* End PBXContainerItemProxy section */

/* Begin PBXFileReference section */
		0E9AF554239425CA00F72B14 /* MapKitDemo.app */ = {isa = PBXFileReference; explicitFileType = wrapper.application; includeInIndex = 0; path = MapKitDemo.app; sourceTree = BUILT_PRODUCTS_DIR; };
		0E9AF557239425CA00F72B14 /* AppDelegate.swift */ = {isa = PBXFileReference; lastKnownFileType = sourcecode.swift; path = AppDelegate.swift; sourceTree = "<group>"; };
		0E9AF55C239425CA00F72B14 /* Base */ = {isa = PBXFileReference; lastKnownFileType = file.storyboard; name = Base; path = Base.lproj/Main.storyboard; sourceTree = "<group>"; };
		0E9AF55E239425CB00F72B14 /* Assets.xcassets */ = {isa = PBXFileReference; lastKnownFileType = folder.assetcatalog; path = Assets.xcassets; sourceTree = "<group>"; };
		0E9AF561239425CB00F72B14 /* Base */ = {isa = PBXFileReference; lastKnownFileType = file.storyboard; name = Base; path = Base.lproj/LaunchScreen.storyboard; sourceTree = "<group>"; };
		0E9AF563239425CB00F72B14 /* Info.plist */ = {isa = PBXFileReference; lastKnownFileType = text.plist.xml; path = Info.plist; sourceTree = "<group>"; };
		0E9AF568239425CB00F72B14 /* MapKitDemoTests.xctest */ = {isa = PBXFileReference; explicitFileType = wrapper.cfbundle; includeInIndex = 0; path = MapKitDemoTests.xctest; sourceTree = BUILT_PRODUCTS_DIR; };
		0E9AF56C239425CB00F72B14 /* MapKitDemoTests.swift */ = {isa = PBXFileReference; lastKnownFileType = sourcecode.swift; path = MapKitDemoTests.swift; sourceTree = "<group>"; };
		0E9AF56E239425CB00F72B14 /* Info.plist */ = {isa = PBXFileReference; lastKnownFileType = text.plist.xml; path = Info.plist; sourceTree = "<group>"; };
		0E9AF573239425CB00F72B14 /* MapKitDemoUITests.xctest */ = {isa = PBXFileReference; explicitFileType = wrapper.cfbundle; includeInIndex = 0; path = MapKitDemoUITests.xctest; sourceTree = BUILT_PRODUCTS_DIR; };
		0E9AF577239425CB00F72B14 /* MapKitDemoUITests.swift */ = {isa = PBXFileReference; lastKnownFileType = sourcecode.swift; path = MapKitDemoUITests.swift; sourceTree = "<group>"; };
		0E9AF579239425CB00F72B14 /* Info.plist */ = {isa = PBXFileReference; lastKnownFileType = text.plist.xml; path = Info.plist; sourceTree = "<group>"; };
		0E9AF585239425F600F72B14 /* MapViewController.swift */ = {isa = PBXFileReference; lastKnownFileType = sourcecode.swift; path = MapViewController.swift; sourceTree = "<group>"; };
		0E9AF588239426B800F72B14 /* SearchStoreService.swift */ = {isa = PBXFileReference; fileEncoding = 4; lastKnownFileType = sourcecode.swift; path = SearchStoreService.swift; sourceTree = "<group>"; };
		0E9AF589239426B800F72B14 /* StoreDetailService.swift */ = {isa = PBXFileReference; fileEncoding = 4; lastKnownFileType = sourcecode.swift; path = StoreDetailService.swift; sourceTree = "<group>"; };
		0E9AF58A239426B800F72B14 /* HttpHelper.swift */ = {isa = PBXFileReference; fileEncoding = 4; lastKnownFileType = sourcecode.swift; path = HttpHelper.swift; sourceTree = "<group>"; };
		0E9AF58B239426B800F72B14 /* LocationService.swift */ = {isa = PBXFileReference; fileEncoding = 4; lastKnownFileType = sourcecode.swift; path = LocationService.swift; sourceTree = "<group>"; };
		0E9AF591239426E400F72B14 /* StoreDetail.swift */ = {isa = PBXFileReference; fileEncoding = 4; lastKnownFileType = sourcecode.swift; path = StoreDetail.swift; sourceTree = "<group>"; };
		0E9AF592239426E400F72B14 /* Store.swift */ = {isa = PBXFileReference; fileEncoding = 4; lastKnownFileType = sourcecode.swift; path = Store.swift; sourceTree = "<group>"; };
		0E9AF5952394273400F72B14 /* MapViewModel.swift */ = {isa = PBXFileReference; fileEncoding = 4; lastKnownFileType = sourcecode.swift; path = MapViewModel.swift; sourceTree = "<group>"; };
		0E9AF59823942E0100F72B14 /* StoreAnnotation.swift */ = {isa = PBXFileReference; fileEncoding = 4; lastKnownFileType = sourcecode.swift; path = StoreAnnotation.swift; sourceTree = "<group>"; };
		0E9AF59923942E0100F72B14 /* StoreAnnotationView.swift */ = {isa = PBXFileReference; fileEncoding = 4; lastKnownFileType = sourcecode.swift; path = StoreAnnotationView.swift; sourceTree = "<group>"; };
		0E9AF5A323944B7100F72B14 /* StoreCalloutView.xib */ = {isa = PBXFileReference; lastKnownFileType = file.xib; path = StoreCalloutView.xib; sourceTree = "<group>"; };
		0EF06D482394580900D6F71B /* StoreCalloutView.swift */ = {isa = PBXFileReference; lastKnownFileType = sourcecode.swift; path = StoreCalloutView.swift; sourceTree = "<group>"; };
		0EF06D4B2394CEEC00D6F71B /* PinAnnotation.swift */ = {isa = PBXFileReference; lastKnownFileType = sourcecode.swift; path = PinAnnotation.swift; sourceTree = "<group>"; };
		0EF06D4D2394CF1100D6F71B /* CustomBusinessCallOut.swift */ = {isa = PBXFileReference; lastKnownFileType = sourcecode.swift; path = CustomBusinessCallOut.swift; sourceTree = "<group>"; };
		0EF06D4F2394CF4300D6F71B /* CalloutAnnotationView.swift */ = {isa = PBXFileReference; lastKnownFileType = sourcecode.swift; path = CalloutAnnotationView.swift; sourceTree = "<group>"; };
		0EF06D512394CF8C00D6F71B /* PinMapViewController.swift */ = {isa = PBXFileReference; lastKnownFileType = sourcecode.swift; path = PinMapViewController.swift; sourceTree = "<group>"; };
		45D5167B43B117B0F9FEB820 /* Pods_MapKitDemoTests.framework */ = {isa = PBXFileReference; explicitFileType = wrapper.framework; includeInIndex = 0; path = Pods_MapKitDemoTests.framework; sourceTree = BUILT_PRODUCTS_DIR; };
		68DD01125ED3407EB938C380 /* Pods_MapKitDemo_MapKitDemoUITests.framework */ = {isa = PBXFileReference; explicitFileType = wrapper.framework; includeInIndex = 0; path = Pods_MapKitDemo_MapKitDemoUITests.framework; sourceTree = BUILT_PRODUCTS_DIR; };
		81EE215AF3B14FB5D725981C /* Pods-MapKitDemo.debug.xcconfig */ = {isa = PBXFileReference; includeInIndex = 1; lastKnownFileType = text.xcconfig; name = "Pods-MapKitDemo.debug.xcconfig"; path = "Target Support Files/Pods-MapKitDemo/Pods-MapKitDemo.debug.xcconfig"; sourceTree = "<group>"; };
		C74FE37AC814535883AB4A18 /* Pods-MapKitDemo.release.xcconfig */ = {isa = PBXFileReference; includeInIndex = 1; lastKnownFileType = text.xcconfig; name = "Pods-MapKitDemo.release.xcconfig"; path = "Target Support Files/Pods-MapKitDemo/Pods-MapKitDemo.release.xcconfig"; sourceTree = "<group>"; };
		F58C9CD7620F3819AA718532 /* Pods_MapKitDemo.framework */ = {isa = PBXFileReference; explicitFileType = wrapper.framework; includeInIndex = 0; path = Pods_MapKitDemo.framework; sourceTree = BUILT_PRODUCTS_DIR; };
/* End PBXFileReference section */

/* Begin PBXFrameworksBuildPhase section */
		0E9AF551239425CA00F72B14 /* Frameworks */ = {
			isa = PBXFrameworksBuildPhase;
			buildActionMask = 2147483647;
			files = (
				C791728CD39A1061676EF030 /* Pods_MapKitDemo.framework in Frameworks */,
			);
			runOnlyForDeploymentPostprocessing = 0;
		};
		0E9AF565239425CB00F72B14 /* Frameworks */ = {
			isa = PBXFrameworksBuildPhase;
			buildActionMask = 2147483647;
			files = (
			);
			runOnlyForDeploymentPostprocessing = 0;
		};
		0E9AF570239425CB00F72B14 /* Frameworks */ = {
			isa = PBXFrameworksBuildPhase;
			buildActionMask = 2147483647;
			files = (
			);
			runOnlyForDeploymentPostprocessing = 0;
		};
/* End PBXFrameworksBuildPhase section */

/* Begin PBXGroup section */
		0E9AF54B239425CA00F72B14 = {
			isa = PBXGroup;
			children = (
				0E9AF556239425CA00F72B14 /* MapKitDemo */,
				0E9AF56B239425CB00F72B14 /* MapKitDemoTests */,
				0E9AF576239425CB00F72B14 /* MapKitDemoUITests */,
				0E9AF555239425CA00F72B14 /* Products */,
				6A21D0E28E175C0DCCA141F3 /* Pods */,
				93694A70714E2129411B8621 /* Frameworks */,
			);
			sourceTree = "<group>";
		};
		0E9AF555239425CA00F72B14 /* Products */ = {
			isa = PBXGroup;
			children = (
				0E9AF554239425CA00F72B14 /* MapKitDemo.app */,
				0E9AF568239425CB00F72B14 /* MapKitDemoTests.xctest */,
				0E9AF573239425CB00F72B14 /* MapKitDemoUITests.xctest */,
			);
			name = Products;
			sourceTree = "<group>";
		};
		0E9AF556239425CA00F72B14 /* MapKitDemo */ = {
			isa = PBXGroup;
			children = (
				0E9AF590239426E400F72B14 /* Models */,
				0E9AF587239426B800F72B14 /* Services */,
				0EF06D4A2394CECB00D6F71B /* PinAnnotations */,
				0E9AF59723942DDC00F72B14 /* Annotations */,
				0E9AF557239425CA00F72B14 /* AppDelegate.swift */,
				0E9AF585239425F600F72B14 /* MapViewController.swift */,
				0E9AF5952394273400F72B14 /* MapViewModel.swift */,
				0E9AF55B239425CA00F72B14 /* Main.storyboard */,
				0E9AF55E239425CB00F72B14 /* Assets.xcassets */,
				0E9AF560239425CB00F72B14 /* LaunchScreen.storyboard */,
				0E9AF563239425CB00F72B14 /* Info.plist */,
			);
			path = MapKitDemo;
			sourceTree = "<group>";
		};
		0E9AF56B239425CB00F72B14 /* MapKitDemoTests */ = {
			isa = PBXGroup;
			children = (
				0E9AF56C239425CB00F72B14 /* MapKitDemoTests.swift */,
				0E9AF56E239425CB00F72B14 /* Info.plist */,
			);
			path = MapKitDemoTests;
			sourceTree = "<group>";
		};
		0E9AF576239425CB00F72B14 /* MapKitDemoUITests */ = {
			isa = PBXGroup;
			children = (
				0E9AF577239425CB00F72B14 /* MapKitDemoUITests.swift */,
				0E9AF579239425CB00F72B14 /* Info.plist */,
			);
			path = MapKitDemoUITests;
			sourceTree = "<group>";
		};
		0E9AF587239426B800F72B14 /* Services */ = {
			isa = PBXGroup;
			children = (
				0E9AF588239426B800F72B14 /* SearchStoreService.swift */,
				0E9AF589239426B800F72B14 /* StoreDetailService.swift */,
				0E9AF58A239426B800F72B14 /* HttpHelper.swift */,
				0E9AF58B239426B800F72B14 /* LocationService.swift */,
			);
			path = Services;
			sourceTree = "<group>";
		};
		0E9AF590239426E400F72B14 /* Models */ = {
			isa = PBXGroup;
			children = (
				0E9AF591239426E400F72B14 /* StoreDetail.swift */,
				0E9AF592239426E400F72B14 /* Store.swift */,
			);
			path = Models;
			sourceTree = "<group>";
		};
		0E9AF59723942DDC00F72B14 /* Annotations */ = {
			isa = PBXGroup;
			children = (
				0E9AF59823942E0100F72B14 /* StoreAnnotation.swift */,
				0E9AF59923942E0100F72B14 /* StoreAnnotationView.swift */,
				0EF06D482394580900D6F71B /* StoreCalloutView.swift */,
				0E9AF5A323944B7100F72B14 /* StoreCalloutView.xib */,
			);
			path = Annotations;
			sourceTree = "<group>";
		};
		0EF06D4A2394CECB00D6F71B /* PinAnnotations */ = {
			isa = PBXGroup;
			children = (
				0EF06D4B2394CEEC00D6F71B /* PinAnnotation.swift */,
				0EF06D4D2394CF1100D6F71B /* CustomBusinessCallOut.swift */,
				0EF06D4F2394CF4300D6F71B /* CalloutAnnotationView.swift */,
				0EF06D512394CF8C00D6F71B /* PinMapViewController.swift */,
			);
			path = PinAnnotations;
			sourceTree = "<group>";
		};
		6A21D0E28E175C0DCCA141F3 /* Pods */ = {
			isa = PBXGroup;
			children = (
				81EE215AF3B14FB5D725981C /* Pods-MapKitDemo.debug.xcconfig */,
				C74FE37AC814535883AB4A18 /* Pods-MapKitDemo.release.xcconfig */,
			);
			path = Pods;
			sourceTree = "<group>";
		};
		93694A70714E2129411B8621 /* Frameworks */ = {
			isa = PBXGroup;
			children = (
				F58C9CD7620F3819AA718532 /* Pods_MapKitDemo.framework */,
				68DD01125ED3407EB938C380 /* Pods_MapKitDemo_MapKitDemoUITests.framework */,
				45D5167B43B117B0F9FEB820 /* Pods_MapKitDemoTests.framework */,
			);
			name = Frameworks;
			sourceTree = "<group>";
		};
/* End PBXGroup section */

/* Begin PBXNativeTarget section */
		0E9AF553239425CA00F72B14 /* MapKitDemo */ = {
			isa = PBXNativeTarget;
			buildConfigurationList = 0E9AF57C239425CB00F72B14 /* Build configuration list for PBXNativeTarget "MapKitDemo" */;
			buildPhases = (
				9C4D34616A6FEF8360459342 /* [CP] Check Pods Manifest.lock */,
				0E9AF550239425CA00F72B14 /* Sources */,
				0E9AF551239425CA00F72B14 /* Frameworks */,
				0E9AF552239425CA00F72B14 /* Resources */,
				9627E704795C87FBFB1F21AC /* [CP] Embed Pods Frameworks */,
			);
			buildRules = (
			);
			dependencies = (
			);
			name = MapKitDemo;
			productName = MapKitDemo;
			productReference = 0E9AF554239425CA00F72B14 /* MapKitDemo.app */;
			productType = "com.apple.product-type.application";
		};
		0E9AF567239425CB00F72B14 /* MapKitDemoTests */ = {
			isa = PBXNativeTarget;
			buildConfigurationList = 0E9AF57F239425CB00F72B14 /* Build configuration list for PBXNativeTarget "MapKitDemoTests" */;
			buildPhases = (
				0E9AF564239425CB00F72B14 /* Sources */,
				0E9AF565239425CB00F72B14 /* Frameworks */,
				0E9AF566239425CB00F72B14 /* Resources */,
			);
			buildRules = (
			);
			dependencies = (
				0E9AF56A239425CB00F72B14 /* PBXTargetDependency */,
			);
			name = MapKitDemoTests;
			productName = MapKitDemoTests;
			productReference = 0E9AF568239425CB00F72B14 /* MapKitDemoTests.xctest */;
			productType = "com.apple.product-type.bundle.unit-test";
		};
		0E9AF572239425CB00F72B14 /* MapKitDemoUITests */ = {
			isa = PBXNativeTarget;
			buildConfigurationList = 0E9AF582239425CB00F72B14 /* Build configuration list for PBXNativeTarget "MapKitDemoUITests" */;
			buildPhases = (
				0E9AF56F239425CB00F72B14 /* Sources */,
				0E9AF570239425CB00F72B14 /* Frameworks */,
				0E9AF571239425CB00F72B14 /* Resources */,
			);
			buildRules = (
			);
			dependencies = (
				0E9AF575239425CB00F72B14 /* PBXTargetDependency */,
			);
			name = MapKitDemoUITests;
			productName = MapKitDemoUITests;
			productReference = 0E9AF573239425CB00F72B14 /* MapKitDemoUITests.xctest */;
			productType = "com.apple.product-type.bundle.ui-testing";
		};
/* End PBXNativeTarget section */

/* Begin PBXProject section */
		0E9AF54C239425CA00F72B14 /* Project object */ = {
			isa = PBXProject;
			attributes = {
				LastSwiftUpdateCheck = 1020;
				LastUpgradeCheck = 1020;
				ORGANIZATIONNAME = "Mike Saradeth";
				TargetAttributes = {
					0E9AF553239425CA00F72B14 = {
						CreatedOnToolsVersion = 10.2.1;
					};
					0E9AF567239425CB00F72B14 = {
						CreatedOnToolsVersion = 10.2.1;
						TestTargetID = 0E9AF553239425CA00F72B14;
					};
					0E9AF572239425CB00F72B14 = {
						CreatedOnToolsVersion = 10.2.1;
						TestTargetID = 0E9AF553239425CA00F72B14;
					};
				};
			};
			buildConfigurationList = 0E9AF54F239425CA00F72B14 /* Build configuration list for PBXProject "MapKitDemo" */;
			compatibilityVersion = "Xcode 9.3";
			developmentRegion = en;
			hasScannedForEncodings = 0;
			knownRegions = (
				en,
				Base,
			);
			mainGroup = 0E9AF54B239425CA00F72B14;
			productRefGroup = 0E9AF555239425CA00F72B14 /* Products */;
			projectDirPath = "";
			projectRoot = "";
			targets = (
				0E9AF553239425CA00F72B14 /* MapKitDemo */,
				0E9AF567239425CB00F72B14 /* MapKitDemoTests */,
				0E9AF572239425CB00F72B14 /* MapKitDemoUITests */,
			);
		};
/* End PBXProject section */

/* Begin PBXResourcesBuildPhase section */
		0E9AF552239425CA00F72B14 /* Resources */ = {
			isa = PBXResourcesBuildPhase;
			buildActionMask = 2147483647;
			files = (
				0E9AF562239425CB00F72B14 /* LaunchScreen.storyboard in Resources */,
				0E9AF55F239425CB00F72B14 /* Assets.xcassets in Resources */,
				0E9AF55D239425CA00F72B14 /* Main.storyboard in Resources */,
				0E9AF5A423944B7100F72B14 /* StoreCalloutView.xib in Resources */,
			);
			runOnlyForDeploymentPostprocessing = 0;
		};
		0E9AF566239425CB00F72B14 /* Resources */ = {
			isa = PBXResourcesBuildPhase;
			buildActionMask = 2147483647;
			files = (
			);
			runOnlyForDeploymentPostprocessing = 0;
		};
		0E9AF571239425CB00F72B14 /* Resources */ = {
			isa = PBXResourcesBuildPhase;
			buildActionMask = 2147483647;
			files = (
			);
			runOnlyForDeploymentPostprocessing = 0;
		};
/* End PBXResourcesBuildPhase section */

/* Begin PBXShellScriptBuildPhase section */
		9627E704795C87FBFB1F21AC /* [CP] Embed Pods Frameworks */ = {
			isa = PBXShellScriptBuildPhase;
			buildActionMask = 2147483647;
			files = (
			);
			inputFileListPaths = (
				"${PODS_ROOT}/Target Support Files/Pods-MapKitDemo/Pods-MapKitDemo-frameworks-${CONFIGURATION}-input-files.xcfilelist",
			);
			name = "[CP] Embed Pods Frameworks";
			outputFileListPaths = (
				"${PODS_ROOT}/Target Support Files/Pods-MapKitDemo/Pods-MapKitDemo-frameworks-${CONFIGURATION}-output-files.xcfilelist",
			);
			runOnlyForDeploymentPostprocessing = 0;
			shellPath = /bin/sh;
			shellScript = "\"${PODS_ROOT}/Target Support Files/Pods-MapKitDemo/Pods-MapKitDemo-frameworks.sh\"\n";
			showEnvVarsInLog = 0;
		};
		9C4D34616A6FEF8360459342 /* [CP] Check Pods Manifest.lock */ = {
			isa = PBXShellScriptBuildPhase;
			buildActionMask = 2147483647;
			files = (
			);
			inputFileListPaths = (
			);
			inputPaths = (
				"${PODS_PODFILE_DIR_PATH}/Podfile.lock",
				"${PODS_ROOT}/Manifest.lock",
			);
			name = "[CP] Check Pods Manifest.lock";
			outputFileListPaths = (
			);
			outputPaths = (
				"$(DERIVED_FILE_DIR)/Pods-MapKitDemo-checkManifestLockResult.txt",
			);
			runOnlyForDeploymentPostprocessing = 0;
			shellPath = /bin/sh;
			shellScript = "diff \"${PODS_PODFILE_DIR_PATH}/Podfile.lock\" \"${PODS_ROOT}/Manifest.lock\" > /dev/null\nif [ $? != 0 ] ; then\n    # print error to STDERR\n    echo \"error: The sandbox is not in sync with the Podfile.lock. Run 'pod install' or update your CocoaPods installation.\" >&2\n    exit 1\nfi\n# This output is used by Xcode 'outputs' to avoid re-running this script phase.\necho \"SUCCESS\" > \"${SCRIPT_OUTPUT_FILE_0}\"\n";
			showEnvVarsInLog = 0;
		};
/* End PBXShellScriptBuildPhase section */

/* Begin PBXSourcesBuildPhase section */
		0E9AF550239425CA00F72B14 /* Sources */ = {
			isa = PBXSourcesBuildPhase;
			buildActionMask = 2147483647;
			files = (
				0E9AF59A23942E0100F72B14 /* StoreAnnotation.swift in Sources */,
				0E9AF58D239426B800F72B14 /* StoreDetailService.swift in Sources */,
				0E9AF58E239426B800F72B14 /* HttpHelper.swift in Sources */,
				0E9AF586239425F600F72B14 /* MapViewController.swift in Sources */,
				0E9AF594239426E400F72B14 /* Store.swift in Sources */,
				0EF06D4C2394CEEC00D6F71B /* PinAnnotation.swift in Sources */,
				0EF06D492394580900D6F71B /* StoreCalloutView.swift in Sources */,
				0EF06D4E2394CF1100D6F71B /* CustomBusinessCallOut.swift in Sources */,
				0EF06D502394CF4300D6F71B /* CalloutAnnotationView.swift in Sources */,
				0EF06D522394CF8C00D6F71B /* PinMapViewController.swift in Sources */,
				0E9AF5962394273400F72B14 /* MapViewModel.swift in Sources */,
				0E9AF59B23942E0100F72B14 /* StoreAnnotationView.swift in Sources */,
				0E9AF558239425CA00F72B14 /* AppDelegate.swift in Sources */,
				0E9AF58F239426B800F72B14 /* LocationService.swift in Sources */,
				0E9AF593239426E400F72B14 /* StoreDetail.swift in Sources */,
				0E9AF58C239426B800F72B14 /* SearchStoreService.swift in Sources */,
			);
			runOnlyForDeploymentPostprocessing = 0;
		};
		0E9AF564239425CB00F72B14 /* Sources */ = {
			isa = PBXSourcesBuildPhase;
			buildActionMask = 2147483647;
			files = (
				0E9AF56D239425CB00F72B14 /* MapKitDemoTests.swift in Sources */,
			);
			runOnlyForDeploymentPostprocessing = 0;
		};
		0E9AF56F239425CB00F72B14 /* Sources */ = {
			isa = PBXSourcesBuildPhase;
			buildActionMask = 2147483647;
			files = (
				0E9AF578239425CB00F72B14 /* MapKitDemoUITests.swift in Sources */,
			);
			runOnlyForDeploymentPostprocessing = 0;
		};
/* End PBXSourcesBuildPhase section */

/* Begin PBXTargetDependency section */
		0E9AF56A239425CB00F72B14 /* PBXTargetDependency */ = {
			isa = PBXTargetDependency;
			target = 0E9AF553239425CA00F72B14 /* MapKitDemo */;
			targetProxy = 0E9AF569239425CB00F72B14 /* PBXContainerItemProxy */;
		};
		0E9AF575239425CB00F72B14 /* PBXTargetDependency */ = {
			isa = PBXTargetDependency;
			target = 0E9AF553239425CA00F72B14 /* MapKitDemo */;
			targetProxy = 0E9AF574239425CB00F72B14 /* PBXContainerItemProxy */;
		};
/* End PBXTargetDependency section */

/* Begin PBXVariantGroup section */
		0E9AF55B239425CA00F72B14 /* Main.storyboard */ = {
			isa = PBXVariantGroup;
			children = (
				0E9AF55C239425CA00F72B14 /* Base */,
			);
			name = Main.storyboard;
			sourceTree = "<group>";
		};
		0E9AF560239425CB00F72B14 /* LaunchScreen.storyboard */ = {
			isa = PBXVariantGroup;
			children = (
				0E9AF561239425CB00F72B14 /* Base */,
			);
			name = LaunchScreen.storyboard;
			sourceTree = "<group>";
		};
/* End PBXVariantGroup section */

/* Begin XCBuildConfiguration section */
		0E9AF57A239425CB00F72B14 /* Debug */ = {
			isa = XCBuildConfiguration;
			buildSettings = {
				ALWAYS_SEARCH_USER_PATHS = NO;
				CLANG_ANALYZER_NONNULL = YES;
				CLANG_ANALYZER_NUMBER_OBJECT_CONVERSION = YES_AGGRESSIVE;
				CLANG_CXX_LANGUAGE_STANDARD = "gnu++14";
				CLANG_CXX_LIBRARY = "libc++";
				CLANG_ENABLE_MODULES = YES;
				CLANG_ENABLE_OBJC_ARC = YES;
				CLANG_ENABLE_OBJC_WEAK = YES;
				CLANG_WARN_BLOCK_CAPTURE_AUTORELEASING = YES;
				CLANG_WARN_BOOL_CONVERSION = YES;
				CLANG_WARN_COMMA = YES;
				CLANG_WARN_CONSTANT_CONVERSION = YES;
				CLANG_WARN_DEPRECATED_OBJC_IMPLEMENTATIONS = YES;
				CLANG_WARN_DIRECT_OBJC_ISA_USAGE = YES_ERROR;
				CLANG_WARN_DOCUMENTATION_COMMENTS = YES;
				CLANG_WARN_EMPTY_BODY = YES;
				CLANG_WARN_ENUM_CONVERSION = YES;
				CLANG_WARN_INFINITE_RECURSION = YES;
				CLANG_WARN_INT_CONVERSION = YES;
				CLANG_WARN_NON_LITERAL_NULL_CONVERSION = YES;
				CLANG_WARN_OBJC_IMPLICIT_RETAIN_SELF = YES;
				CLANG_WARN_OBJC_LITERAL_CONVERSION = YES;
				CLANG_WARN_OBJC_ROOT_CLASS = YES_ERROR;
				CLANG_WARN_RANGE_LOOP_ANALYSIS = YES;
				CLANG_WARN_STRICT_PROTOTYPES = YES;
				CLANG_WARN_SUSPICIOUS_MOVE = YES;
				CLANG_WARN_UNGUARDED_AVAILABILITY = YES_AGGRESSIVE;
				CLANG_WARN_UNREACHABLE_CODE = YES;
				CLANG_WARN__DUPLICATE_METHOD_MATCH = YES;
				CODE_SIGN_IDENTITY = "iPhone Developer";
				COPY_PHASE_STRIP = NO;
				DEBUG_INFORMATION_FORMAT = dwarf;
				ENABLE_STRICT_OBJC_MSGSEND = YES;
				ENABLE_TESTABILITY = YES;
				GCC_C_LANGUAGE_STANDARD = gnu11;
				GCC_DYNAMIC_NO_PIC = NO;
				GCC_NO_COMMON_BLOCKS = YES;
				GCC_OPTIMIZATION_LEVEL = 0;
				GCC_PREPROCESSOR_DEFINITIONS = (
					"DEBUG=1",
					"$(inherited)",
				);
				GCC_WARN_64_TO_32_BIT_CONVERSION = YES;
				GCC_WARN_ABOUT_RETURN_TYPE = YES_ERROR;
				GCC_WARN_UNDECLARED_SELECTOR = YES;
				GCC_WARN_UNINITIALIZED_AUTOS = YES_AGGRESSIVE;
				GCC_WARN_UNUSED_FUNCTION = YES;
				GCC_WARN_UNUSED_VARIABLE = YES;
				IPHONEOS_DEPLOYMENT_TARGET = 12.2;
				MTL_ENABLE_DEBUG_INFO = INCLUDE_SOURCE;
				MTL_FAST_MATH = YES;
				ONLY_ACTIVE_ARCH = YES;
				SDKROOT = iphoneos;
				SWIFT_ACTIVE_COMPILATION_CONDITIONS = DEBUG;
				SWIFT_OPTIMIZATION_LEVEL = "-Onone";
			};
			name = Debug;
		};
		0E9AF57B239425CB00F72B14 /* Release */ = {
			isa = XCBuildConfiguration;
			buildSettings = {
				ALWAYS_SEARCH_USER_PATHS = NO;
				CLANG_ANALYZER_NONNULL = YES;
				CLANG_ANALYZER_NUMBER_OBJECT_CONVERSION = YES_AGGRESSIVE;
				CLANG_CXX_LANGUAGE_STANDARD = "gnu++14";
				CLANG_CXX_LIBRARY = "libc++";
				CLANG_ENABLE_MODULES = YES;
				CLANG_ENABLE_OBJC_ARC = YES;
				CLANG_ENABLE_OBJC_WEAK = YES;
				CLANG_WARN_BLOCK_CAPTURE_AUTORELEASING = YES;
				CLANG_WARN_BOOL_CONVERSION = YES;
				CLANG_WARN_COMMA = YES;
				CLANG_WARN_CONSTANT_CONVERSION = YES;
				CLANG_WARN_DEPRECATED_OBJC_IMPLEMENTATIONS = YES;
				CLANG_WARN_DIRECT_OBJC_ISA_USAGE = YES_ERROR;
				CLANG_WARN_DOCUMENTATION_COMMENTS = YES;
				CLANG_WARN_EMPTY_BODY = YES;
				CLANG_WARN_ENUM_CONVERSION = YES;
				CLANG_WARN_INFINITE_RECURSION = YES;
				CLANG_WARN_INT_CONVERSION = YES;
				CLANG_WARN_NON_LITERAL_NULL_CONVERSION = YES;
				CLANG_WARN_OBJC_IMPLICIT_RETAIN_SELF = YES;
				CLANG_WARN_OBJC_LITERAL_CONVERSION = YES;
				CLANG_WARN_OBJC_ROOT_CLASS = YES_ERROR;
				CLANG_WARN_RANGE_LOOP_ANALYSIS = YES;
				CLANG_WARN_STRICT_PROTOTYPES = YES;
				CLANG_WARN_SUSPICIOUS_MOVE = YES;
				CLANG_WARN_UNGUARDED_AVAILABILITY = YES_AGGRESSIVE;
				CLANG_WARN_UNREACHABLE_CODE = YES;
				CLANG_WARN__DUPLICATE_METHOD_MATCH = YES;
				CODE_SIGN_IDENTITY = "iPhone Developer";
				COPY_PHASE_STRIP = NO;
				DEBUG_INFORMATION_FORMAT = "dwarf-with-dsym";
				ENABLE_NS_ASSERTIONS = NO;
				ENABLE_STRICT_OBJC_MSGSEND = YES;
				GCC_C_LANGUAGE_STANDARD = gnu11;
				GCC_NO_COMMON_BLOCKS = YES;
				GCC_WARN_64_TO_32_BIT_CONVERSION = YES;
				GCC_WARN_ABOUT_RETURN_TYPE = YES_ERROR;
				GCC_WARN_UNDECLARED_SELECTOR = YES;
				GCC_WARN_UNINITIALIZED_AUTOS = YES_AGGRESSIVE;
				GCC_WARN_UNUSED_FUNCTION = YES;
				GCC_WARN_UNUSED_VARIABLE = YES;
				IPHONEOS_DEPLOYMENT_TARGET = 12.2;
				MTL_ENABLE_DEBUG_INFO = NO;
				MTL_FAST_MATH = YES;
				SDKROOT = iphoneos;
				SWIFT_COMPILATION_MODE = wholemodule;
				SWIFT_OPTIMIZATION_LEVEL = "-O";
				VALIDATE_PRODUCT = YES;
			};
			name = Release;
		};
		0E9AF57D239425CB00F72B14 /* Debug */ = {
			isa = XCBuildConfiguration;
			baseConfigurationReference = 81EE215AF3B14FB5D725981C /* Pods-MapKitDemo.debug.xcconfig */;
			buildSettings = {
				ASSETCATALOG_COMPILER_APPICON_NAME = AppIcon;
				CODE_SIGN_STYLE = Automatic;
				DEVELOPMENT_TEAM = QAJNW7456U;
				INFOPLIST_FILE = MapKitDemo/Info.plist;
				LD_RUNPATH_SEARCH_PATHS = (
					"$(inherited)",
					"@executable_path/Frameworks",
				);
				PRODUCT_BUNDLE_IDENTIFIER = "Mike-Saradeth.MapKitDemo";
				PRODUCT_NAME = "$(TARGET_NAME)";
				SWIFT_VERSION = 5.0;
				TARGETED_DEVICE_FAMILY = "1,2";
			};
			name = Debug;
		};
		0E9AF57E239425CB00F72B14 /* Release */ = {
			isa = XCBuildConfiguration;
			baseConfigurationReference = C74FE37AC814535883AB4A18 /* Pods-MapKitDemo.release.xcconfig */;
			buildSettings = {
				ASSETCATALOG_COMPILER_APPICON_NAME = AppIcon;
				CODE_SIGN_STYLE = Automatic;
				DEVELOPMENT_TEAM = QAJNW7456U;
				INFOPLIST_FILE = MapKitDemo/Info.plist;
				LD_RUNPATH_SEARCH_PATHS = (
					"$(inherited)",
					"@executable_path/Frameworks",
				);
				PRODUCT_BUNDLE_IDENTIFIER = "Mike-Saradeth.MapKitDemo";
				PRODUCT_NAME = "$(TARGET_NAME)";
				SWIFT_VERSION = 5.0;
				TARGETED_DEVICE_FAMILY = "1,2";
			};
			name = Release;
		};
		0E9AF580239425CB00F72B14 /* Debug */ = {
			isa = XCBuildConfiguration;
			buildSettings = {
				ALWAYS_EMBED_SWIFT_STANDARD_LIBRARIES = YES;
				BUNDLE_LOADER = "$(TEST_HOST)";
				CODE_SIGN_STYLE = Automatic;
				DEVELOPMENT_TEAM = QAJNW7456U;
				INFOPLIST_FILE = MapKitDemoTests/Info.plist;
				LD_RUNPATH_SEARCH_PATHS = (
					"$(inherited)",
					"@executable_path/Frameworks",
					"@loader_path/Frameworks",
				);
				PRODUCT_BUNDLE_IDENTIFIER = "Mike-Saradeth.MapKitDemoTests";
				PRODUCT_NAME = "$(TARGET_NAME)";
				SWIFT_VERSION = 5.0;
				TARGETED_DEVICE_FAMILY = "1,2";
				TEST_HOST = "$(BUILT_PRODUCTS_DIR)/MapKitDemo.app/MapKitDemo";
			};
			name = Debug;
		};
		0E9AF581239425CB00F72B14 /* Release */ = {
			isa = XCBuildConfiguration;
			buildSettings = {
				ALWAYS_EMBED_SWIFT_STANDARD_LIBRARIES = YES;
				BUNDLE_LOADER = "$(TEST_HOST)";
				CODE_SIGN_STYLE = Automatic;
				DEVELOPMENT_TEAM = QAJNW7456U;
				INFOPLIST_FILE = MapKitDemoTests/Info.plist;
				LD_RUNPATH_SEARCH_PATHS = (
					"$(inherited)",
					"@executable_path/Frameworks",
					"@loader_path/Frameworks",
				);
				PRODUCT_BUNDLE_IDENTIFIER = "Mike-Saradeth.MapKitDemoTests";
				PRODUCT_NAME = "$(TARGET_NAME)";
				SWIFT_VERSION = 5.0;
				TARGETED_DEVICE_FAMILY = "1,2";
				TEST_HOST = "$(BUILT_PRODUCTS_DIR)/MapKitDemo.app/MapKitDemo";
			};
			name = Release;
		};
		0E9AF583239425CB00F72B14 /* Debug */ = {
			isa = XCBuildConfiguration;
			buildSettings = {
				ALWAYS_EMBED_SWIFT_STANDARD_LIBRARIES = YES;
				CODE_SIGN_STYLE = Automatic;
				DEVELOPMENT_TEAM = QAJNW7456U;
				INFOPLIST_FILE = MapKitDemoUITests/Info.plist;
				LD_RUNPATH_SEARCH_PATHS = (
					"$(inherited)",
					"@executable_path/Frameworks",
					"@loader_path/Frameworks",
				);
				PRODUCT_BUNDLE_IDENTIFIER = "Mike-Saradeth.MapKitDemoUITests";
				PRODUCT_NAME = "$(TARGET_NAME)";
				SWIFT_VERSION = 5.0;
				TARGETED_DEVICE_FAMILY = "1,2";
				TEST_TARGET_NAME = MapKitDemo;
			};
			name = Debug;
		};
		0E9AF584239425CB00F72B14 /* Release */ = {
			isa = XCBuildConfiguration;
			buildSettings = {
				ALWAYS_EMBED_SWIFT_STANDARD_LIBRARIES = YES;
				CODE_SIGN_STYLE = Automatic;
				DEVELOPMENT_TEAM = QAJNW7456U;
				INFOPLIST_FILE = MapKitDemoUITests/Info.plist;
				LD_RUNPATH_SEARCH_PATHS = (
					"$(inherited)",
					"@executable_path/Frameworks",
					"@loader_path/Frameworks",
				);
				PRODUCT_BUNDLE_IDENTIFIER = "Mike-Saradeth.MapKitDemoUITests";
				PRODUCT_NAME = "$(TARGET_NAME)";
				SWIFT_VERSION = 5.0;
				TARGETED_DEVICE_FAMILY = "1,2";
				TEST_TARGET_NAME = MapKitDemo;
			};
			name = Release;
		};
/* End XCBuildConfiguration section */

/* Begin XCConfigurationList section */
		0E9AF54F239425CA00F72B14 /* Build configuration list for PBXProject "MapKitDemo" */ = {
			isa = XCConfigurationList;
			buildConfigurations = (
				0E9AF57A239425CB00F72B14 /* Debug */,
				0E9AF57B239425CB00F72B14 /* Release */,
			);
			defaultConfigurationIsVisible = 0;
			defaultConfigurationName = Release;
		};
		0E9AF57C239425CB00F72B14 /* Build configuration list for PBXNativeTarget "MapKitDemo" */ = {
			isa = XCConfigurationList;
			buildConfigurations = (
				0E9AF57D239425CB00F72B14 /* Debug */,
				0E9AF57E239425CB00F72B14 /* Release */,
			);
			defaultConfigurationIsVisible = 0;
			defaultConfigurationName = Release;
		};
		0E9AF57F239425CB00F72B14 /* Build configuration list for PBXNativeTarget "MapKitDemoTests" */ = {
			isa = XCConfigurationList;
			buildConfigurations = (
				0E9AF580239425CB00F72B14 /* Debug */,
				0E9AF581239425CB00F72B14 /* Release */,
			);
			defaultConfigurationIsVisible = 0;
			defaultConfigurationName = Release;
		};
		0E9AF582239425CB00F72B14 /* Build configuration list for PBXNativeTarget "MapKitDemoUITests" */ = {
			isa = XCConfigurationList;
			buildConfigurations = (
				0E9AF583239425CB00F72B14 /* Debug */,
				0E9AF584239425CB00F72B14 /* Release */,
			);
			defaultConfigurationIsVisible = 0;
			defaultConfigurationName = Release;
		};
/* End XCConfigurationList section */
	};
	rootObject = 0E9AF54C239425CA00F72B14 /* Project object */;
}
